// !$*UTF8*$!
{
	archiveVersion = 1;
	classes = {
	};
	objectVersion = 56;
	objects = {

/* Begin PBXBuildFile section */
		5150A3E02B54FE6A003D15F7 /* AppDelegate.swift in Sources */ = {isa = PBXBuildFile; fileRef = 5150A3DF2B54FE6A003D15F7 /* AppDelegate.swift */; };
		5150A3E22B54FE6A003D15F7 /* SceneDelegate.swift in Sources */ = {isa = PBXBuildFile; fileRef = 5150A3E12B54FE6A003D15F7 /* SceneDelegate.swift */; };
		5150A3E42B54FE6A003D15F7 /* ViewController.swift in Sources */ = {isa = PBXBuildFile; fileRef = 5150A3E32B54FE6A003D15F7 /* ViewController.swift */; };
		5150A3E72B54FE6A003D15F7 /* Main.storyboard in Resources */ = {isa = PBXBuildFile; fileRef = 5150A3E52B54FE6A003D15F7 /* Main.storyboard */; };
		5150A3E92B54FE6C003D15F7 /* Assets.xcassets in Resources */ = {isa = PBXBuildFile; fileRef = 5150A3E82B54FE6C003D15F7 /* Assets.xcassets */; };
		5150A3EC2B54FE6C003D15F7 /* LaunchScreen.storyboard in Resources */ = {isa = PBXBuildFile; fileRef = 5150A3EA2B54FE6C003D15F7 /* LaunchScreen.storyboard */; };
		5150A3F72B54FE6C003D15F7 /* easisoftTests.swift in Sources */ = {isa = PBXBuildFile; fileRef = 5150A3F62B54FE6C003D15F7 /* easisoftTests.swift */; };
		5150A4012B54FE6C003D15F7 /* easisoftUITests.swift in Sources */ = {isa = PBXBuildFile; fileRef = 5150A4002B54FE6C003D15F7 /* easisoftUITests.swift */; };
		5150A4032B54FE6C003D15F7 /* easisoftUITestsLaunchTests.swift in Sources */ = {isa = PBXBuildFile; fileRef = 5150A4022B54FE6C003D15F7 /* easisoftUITestsLaunchTests.swift */; };
/* End PBXBuildFile section */

/* Begin PBXContainerItemProxy section */
		5150A3F32B54FE6C003D15F7 /* PBXContainerItemProxy */ = {
			isa = PBXContainerItemProxy;
			containerPortal = 5150A3D42B54FE69003D15F7 /* Project object */;
			proxyType = 1;
			remoteGlobalIDString = 5150A3DB2B54FE6A003D15F7;
			remoteInfo = easisoft;
		};
		5150A3FD2B54FE6C003D15F7 /* PBXContainerItemProxy */ = {
			isa = PBXContainerItemProxy;
			containerPortal = 5150A3D42B54FE69003D15F7 /* Project object */;
			proxyType = 1;
			remoteGlobalIDString = 5150A3DB2B54FE6A003D15F7;
			remoteInfo = easisoft;
		};
/* End PBXContainerItemProxy section */

/* Begin PBXFileReference section */
		5150A3DC2B54FE6A003D15F7 /* easisoft.app */ = {isa = PBXFileReference; explicitFileType = wrapper.application; includeInIndex = 0; path = easisoft.app; sourceTree = BUILT_PRODUCTS_DIR; };
		5150A3DF2B54FE6A003D15F7 /* AppDelegate.swift */ = {isa = PBXFileReference; lastKnownFileType = sourcecode.swift; path = AppDelegate.swift; sourceTree = "<group>"; };
		5150A3E12B54FE6A003D15F7 /* SceneDelegate.swift */ = {isa = PBXFileReference; lastKnownFileType = sourcecode.swift; path = SceneDelegate.swift; sourceTree = "<group>"; };
		5150A3E32B54FE6A003D15F7 /* ViewController.swift */ = {isa = PBXFileReference; lastKnownFileType = sourcecode.swift; path = ViewController.swift; sourceTree = "<group>"; };
		5150A3E62B54FE6A003D15F7 /* Base */ = {isa = PBXFileReference; lastKnownFileType = file.storyboard; name = Base; path = Base.lproj/Main.storyboard; sourceTree = "<group>"; };
		5150A3E82B54FE6C003D15F7 /* Assets.xcassets */ = {isa = PBXFileReference; lastKnownFileType = folder.assetcatalog; path = Assets.xcassets; sourceTree = "<group>"; };
		5150A3EB2B54FE6C003D15F7 /* Base */ = {isa = PBXFileReference; lastKnownFileType = file.storyboard; name = Base; path = Base.lproj/LaunchScreen.storyboard; sourceTree = "<group>"; };
		5150A3ED2B54FE6C003D15F7 /* Info.plist */ = {isa = PBXFileReference; lastKnownFileType = text.plist.xml; path = Info.plist; sourceTree = "<group>"; };
		5150A3F22B54FE6C003D15F7 /* easisoftTests.xctest */ = {isa = PBXFileReference; explicitFileType = wrapper.cfbundle; includeInIndex = 0; path = easisoftTests.xctest; sourceTree = BUILT_PRODUCTS_DIR; };
		5150A3F62B54FE6C003D15F7 /* easisoftTests.swift */ = {isa = PBXFileReference; lastKnownFileType = sourcecode.swift; path = easisoftTests.swift; sourceTree = "<group>"; };
		5150A3FC2B54FE6C003D15F7 /* easisoftUITests.xctest */ = {isa = PBXFileReference; explicitFileType = wrapper.cfbundle; includeInIndex = 0; path = easisoftUITests.xctest; sourceTree = BUILT_PRODUCTS_DIR; };
		5150A4002B54FE6C003D15F7 /* easisoftUITests.swift */ = {isa = PBXFileReference; lastKnownFileType = sourcecode.swift; path = easisoftUITests.swift; sourceTree = "<group>"; };
		5150A4022B54FE6C003D15F7 /* easisoftUITestsLaunchTests.swift */ = {isa = PBXFileReference; lastKnownFileType = sourcecode.swift; path = easisoftUITestsLaunchTests.swift; sourceTree = "<group>"; };
/* End PBXFileReference section */

/* Begin PBXFrameworksBuildPhase section */
		5150A3D92B54FE6A003D15F7 /* Frameworks */ = {
			isa = PBXFrameworksBuildPhase;
			buildActionMask = 2147483647;
			files = (
			);
			runOnlyForDeploymentPostprocessing = 0;
		};
		5150A3EF2B54FE6C003D15F7 /* Frameworks */ = {
			isa = PBXFrameworksBuildPhase;
			buildActionMask = 2147483647;
			files = (
			);
			runOnlyForDeploymentPostprocessing = 0;
		};
		5150A3F92B54FE6C003D15F7 /* Frameworks */ = {
			isa = PBXFrameworksBuildPhase;
			buildActionMask = 2147483647;
			files = (
			);
			runOnlyForDeploymentPostprocessing = 0;
		};
/* End PBXFrameworksBuildPhase section */

/* Begin PBXGroup section */
		5150A3D32B54FE69003D15F7 = {
			isa = PBXGroup;
			children = (
				5150A3DE2B54FE6A003D15F7 /* easisoft */,
				5150A3F52B54FE6C003D15F7 /* easisoftTests */,
				5150A3FF2B54FE6C003D15F7 /* easisoftUITests */,
				5150A3DD2B54FE6A003D15F7 /* Products */,
			);
			sourceTree = "<group>";
		};
		5150A3DD2B54FE6A003D15F7 /* Products */ = {
			isa = PBXGroup;
			children = (
				5150A3DC2B54FE6A003D15F7 /* easisoft.app */,
				5150A3F22B54FE6C003D15F7 /* easisoftTests.xctest */,
				5150A3FC2B54FE6C003D15F7 /* easisoftUITests.xctest */,
			);
			name = Products;
			sourceTree = "<group>";
		};
		5150A3DE2B54FE6A003D15F7 /* easisoft */ = {
			isa = PBXGroup;
			children = (
				5150A3DF2B54FE6A003D15F7 /* AppDelegate.swift */,
				5150A3E12B54FE6A003D15F7 /* SceneDelegate.swift */,
				5150A3E32B54FE6A003D15F7 /* ViewController.swift */,
				5150A3E52B54FE6A003D15F7 /* Main.storyboard */,
				5150A3E82B54FE6C003D15F7 /* Assets.xcassets */,
				5150A3EA2B54FE6C003D15F7 /* LaunchScreen.storyboard */,
				5150A3ED2B54FE6C003D15F7 /* Info.plist */,
			);
			path = easisoft;
			sourceTree = "<group>";
		};
		5150A3F52B54FE6C003D15F7 /* easisoftTests */ = {
			isa = PBXGroup;
			children = (
				5150A3F62B54FE6C003D15F7 /* easisoftTests.swift */,
			);
			path = easisoftTests;
			sourceTree = "<group>";
		};
		5150A3FF2B54FE6C003D15F7 /* easisoftUITests */ = {
			isa = PBXGroup;
			children = (
				5150A4002B54FE6C003D15F7 /* easisoftUITests.swift */,
				5150A4022B54FE6C003D15F7 /* easisoftUITestsLaunchTests.swift */,
			);
			path = easisoftUITests;
			sourceTree = "<group>";
		};
/* End PBXGroup section */

/* Begin PBXNativeTarget section */
		5150A3DB2B54FE6A003D15F7 /* easisoft */ = {
			isa = PBXNativeTarget;
			buildConfigurationList = 5150A4062B54FE6C003D15F7 /* Build configuration list for PBXNativeTarget "easisoft" */;
			buildPhases = (
				5150A3D82B54FE6A003D15F7 /* Sources */,
				5150A3D92B54FE6A003D15F7 /* Frameworks */,
				5150A3DA2B54FE6A003D15F7 /* Resources */,
			);
			buildRules = (
			);
			dependencies = (
			);
			name = easisoft;
			productName = easisoft;
			productReference = 5150A3DC2B54FE6A003D15F7 /* easisoft.app */;
			productType = "com.apple.product-type.application";
		};
		5150A3F12B54FE6C003D15F7 /* easisoftTests */ = {
			isa = PBXNativeTarget;
			buildConfigurationList = 5150A4092B54FE6C003D15F7 /* Build configuration list for PBXNativeTarget "easisoftTests" */;
			buildPhases = (
				5150A3EE2B54FE6C003D15F7 /* Sources */,
				5150A3EF2B54FE6C003D15F7 /* Frameworks */,
				5150A3F02B54FE6C003D15F7 /* Resources */,
			);
			buildRules = (
			);
			dependencies = (
				5150A3F42B54FE6C003D15F7 /* PBXTargetDependency */,
			);
			name = easisoftTests;
			productName = easisoftTests;
			productReference = 5150A3F22B54FE6C003D15F7 /* easisoftTests.xctest */;
			productType = "com.apple.product-type.bundle.unit-test";
		};
		5150A3FB2B54FE6C003D15F7 /* easisoftUITests */ = {
			isa = PBXNativeTarget;
			buildConfigurationList = 5150A40C2B54FE6C003D15F7 /* Build configuration list for PBXNativeTarget "easisoftUITests" */;
			buildPhases = (
				5150A3F82B54FE6C003D15F7 /* Sources */,
				5150A3F92B54FE6C003D15F7 /* Frameworks */,
				5150A3FA2B54FE6C003D15F7 /* Resources */,
			);
			buildRules = (
			);
			dependencies = (
				5150A3FE2B54FE6C003D15F7 /* PBXTargetDependency */,
			);
			name = easisoftUITests;
			productName = easisoftUITests;
			productReference = 5150A3FC2B54FE6C003D15F7 /* easisoftUITests.xctest */;
			productType = "com.apple.product-type.bundle.ui-testing";
		};
/* End PBXNativeTarget section */

/* Begin PBXProject section */
		5150A3D42B54FE69003D15F7 /* Project object */ = {
			isa = PBXProject;
			attributes = {
				BuildIndependentTargetsInParallel = 1;
				LastSwiftUpdateCheck = 1510;
				LastUpgradeCheck = 1510;
				TargetAttributes = {
					5150A3DB2B54FE6A003D15F7 = {
						CreatedOnToolsVersion = 15.1;
					};
					5150A3F12B54FE6C003D15F7 = {
						CreatedOnToolsVersion = 15.1;
						TestTargetID = 5150A3DB2B54FE6A003D15F7;
					};
					5150A3FB2B54FE6C003D15F7 = {
						CreatedOnToolsVersion = 15.1;
						TestTargetID = 5150A3DB2B54FE6A003D15F7;
					};
				};
			};
			buildConfigurationList = 5150A3D72B54FE69003D15F7 /* Build configuration list for PBXProject "easisoft" */;
			compatibilityVersion = "Xcode 14.0";
			developmentRegion = en;
			hasScannedForEncodings = 0;
			knownRegions = (
				en,
				Base,
			);
			mainGroup = 5150A3D32B54FE69003D15F7;
			productRefGroup = 5150A3DD2B54FE6A003D15F7 /* Products */;
			projectDirPath = "";
			projectRoot = "";
			targets = (
				5150A3DB2B54FE6A003D15F7 /* easisoft */,
				5150A3F12B54FE6C003D15F7 /* easisoftTests */,
				5150A3FB2B54FE6C003D15F7 /* easisoftUITests */,
			);
		};
/* End PBXProject section */

/* Begin PBXResourcesBuildPhase section */
		5150A3DA2B54FE6A003D15F7 /* Resources */ = {
			isa = PBXResourcesBuildPhase;
			buildActionMask = 2147483647;
			files = (
				5150A3EC2B54FE6C003D15F7 /* LaunchScreen.storyboard in Resources */,
				5150A3E92B54FE6C003D15F7 /* Assets.xcassets in Resources */,
				5150A3E72B54FE6A003D15F7 /* Main.storyboard in Resources */,
			);
			runOnlyForDeploymentPostprocessing = 0;
		};
		5150A3F02B54FE6C003D15F7 /* Resources */ = {
			isa = PBXResourcesBuildPhase;
			buildActionMask = 2147483647;
			files = (
			);
			runOnlyForDeploymentPostprocessing = 0;
		};
		5150A3FA2B54FE6C003D15F7 /* Resources */ = {
			isa = PBXResourcesBuildPhase;
			buildActionMask = 2147483647;
			files = (
			);
			runOnlyForDeploymentPostprocessing = 0;
		};
/* End PBXResourcesBuildPhase section */

/* Begin PBXSourcesBuildPhase section */
		5150A3D82B54FE6A003D15F7 /* Sources */ = {
			isa = PBXSourcesBuildPhase;
			buildActionMask = 2147483647;
			files = (
				5150A3E42B54FE6A003D15F7 /* ViewController.swift in Sources */,
				5150A3E02B54FE6A003D15F7 /* AppDelegate.swift in Sources */,
				5150A3E22B54FE6A003D15F7 /* SceneDelegate.swift in Sources */,
			);
			runOnlyForDeploymentPostprocessing = 0;
		};
		5150A3EE2B54FE6C003D15F7 /* Sources */ = {
			isa = PBXSourcesBuildPhase;
			buildActionMask = 2147483647;
			files = (
				5150A3F72B54FE6C003D15F7 /* easisoftTests.swift in Sources */,
			);
			runOnlyForDeploymentPostprocessing = 0;
		};
		5150A3F82B54FE6C003D15F7 /* Sources */ = {
			isa = PBXSourcesBuildPhase;
			buildActionMask = 2147483647;
			files = (
				5150A4032B54FE6C003D15F7 /* easisoftUITestsLaunchTests.swift in Sources */,
				5150A4012B54FE6C003D15F7 /* easisoftUITests.swift in Sources */,
			);
			runOnlyForDeploymentPostprocessing = 0;
		};
/* End PBXSourcesBuildPhase section */

/* Begin PBXTargetDependency section */
		5150A3F42B54FE6C003D15F7 /* PBXTargetDependency */ = {
			isa = PBXTargetDependency;
			target = 5150A3DB2B54FE6A003D15F7 /* easisoft */;
			targetProxy = 5150A3F32B54FE6C003D15F7 /* PBXContainerItemProxy */;
		};
		5150A3FE2B54FE6C003D15F7 /* PBXTargetDependency */ = {
			isa = PBXTargetDependency;
			target = 5150A3DB2B54FE6A003D15F7 /* easisoft */;
			targetProxy = 5150A3FD2B54FE6C003D15F7 /* PBXContainerItemProxy */;
		};
/* End PBXTargetDependency section */

/* Begin PBXVariantGroup section */
		5150A3E52B54FE6A003D15F7 /* Main.storyboard */ = {
			isa = PBXVariantGroup;
			children = (
				5150A3E62B54FE6A003D15F7 /* Base */,
			);
			name = Main.storyboard;
			sourceTree = "<group>";
		};
		5150A3EA2B54FE6C003D15F7 /* LaunchScreen.storyboard */ = {
			isa = PBXVariantGroup;
			children = (
				5150A3EB2B54FE6C003D15F7 /* Base */,
			);
			name = LaunchScreen.storyboard;
			sourceTree = "<group>";
		};
/* End PBXVariantGroup section */

/* Begin XCBuildConfiguration section */
		5150A4042B54FE6C003D15F7 /* Debug */ = {
			isa = XCBuildConfiguration;
			buildSettings = {
				ALWAYS_SEARCH_USER_PATHS = NO;
				ASSETCATALOG_COMPILER_GENERATE_SWIFT_ASSET_SYMBOL_EXTENSIONS = YES;
				CLANG_ANALYZER_NONNULL = YES;
				CLANG_ANALYZER_NUMBER_OBJECT_CONVERSION = YES_AGGRESSIVE;
				CLANG_CXX_LANGUAGE_STANDARD = "gnu++20";
				CLANG_ENABLE_MODULES = YES;
				CLANG_ENABLE_OBJC_ARC = YES;
				CLANG_ENABLE_OBJC_WEAK = YES;
				CLANG_WARN_BLOCK_CAPTURE_AUTORELEASING = YES;
				CLANG_WARN_BOOL_CONVERSION = YES;
				CLANG_WARN_COMMA = YES;
				CLANG_WARN_CONSTANT_CONVERSION = YES;
				CLANG_WARN_DEPRECATED_OBJC_IMPLEMENTATIONS = YES;
				CLANG_WARN_DIRECT_OBJC_ISA_USAGE = YES_ERROR;
				CLANG_WARN_DOCUMENTATION_COMMENTS = YES;
				CLANG_WARN_EMPTY_BODY = YES;
				CLANG_WARN_ENUM_CONVERSION = YES;
				CLANG_WARN_INFINITE_RECURSION = YES;
				CLANG_WARN_INT_CONVERSION = YES;
				CLANG_WARN_NON_LITERAL_NULL_CONVERSION = YES;
				CLANG_WARN_OBJC_IMPLICIT_RETAIN_SELF = YES;
				CLANG_WARN_OBJC_LITERAL_CONVERSION = YES;
				CLANG_WARN_OBJC_ROOT_CLASS = YES_ERROR;
				CLANG_WARN_QUOTED_INCLUDE_IN_FRAMEWORK_HEADER = YES;
				CLANG_WARN_RANGE_LOOP_ANALYSIS = YES;
				CLANG_WARN_STRICT_PROTOTYPES = YES;
				CLANG_WARN_SUSPICIOUS_MOVE = YES;
				CLANG_WARN_UNGUARDED_AVAILABILITY = YES_AGGRESSIVE;
				CLANG_WARN_UNREACHABLE_CODE = YES;
				CLANG_WARN__DUPLICATE_METHOD_MATCH = YES;
				COPY_PHASE_STRIP = NO;
				DEBUG_INFORMATION_FORMAT = dwarf;
				ENABLE_STRICT_OBJC_MSGSEND = YES;
				ENABLE_TESTABILITY = YES;
				ENABLE_USER_SCRIPT_SANDBOXING = YES;
				GCC_C_LANGUAGE_STANDARD = gnu17;
				GCC_DYNAMIC_NO_PIC = NO;
				GCC_NO_COMMON_BLOCKS = YES;
				GCC_OPTIMIZATION_LEVEL = 0;
				GCC_PREPROCESSOR_DEFINITIONS = (
					"DEBUG=1",
					"$(inherited)",
				);
				GCC_WARN_64_TO_32_BIT_CONVERSION = YES;
				GCC_WARN_ABOUT_RETURN_TYPE = YES_ERROR;
				GCC_WARN_UNDECLARED_SELECTOR = YES;
				GCC_WARN_UNINITIALIZED_AUTOS = YES_AGGRESSIVE;
				GCC_WARN_UNUSED_FUNCTION = YES;
				GCC_WARN_UNUSED_VARIABLE = YES;
				IPHONEOS_DEPLOYMENT_TARGET = 17.2;
				LOCALIZATION_PREFERS_STRING_CATALOGS = YES;
				MTL_ENABLE_DEBUG_INFO = INCLUDE_SOURCE;
				MTL_FAST_MATH = YES;
				ONLY_ACTIVE_ARCH = YES;
				SDKROOT = iphoneos;
				SWIFT_ACTIVE_COMPILATION_CONDITIONS = "DEBUG $(inherited)";
				SWIFT_OPTIMIZATION_LEVEL = "-Onone";
			};
			name = Debug;
		};
		5150A4052B54FE6C003D15F7 /* Release */ = {
			isa = XCBuildConfiguration;
			buildSettings = {
				ALWAYS_SEARCH_USER_PATHS = NO;
				ASSETCATALOG_COMPILER_GENERATE_SWIFT_ASSET_SYMBOL_EXTENSIONS = YES;
				CLANG_ANALYZER_NONNULL = YES;
				CLANG_ANALYZER_NUMBER_OBJECT_CONVERSION = YES_AGGRESSIVE;
				CLANG_CXX_LANGUAGE_STANDARD = "gnu++20";
				CLANG_ENABLE_MODULES = YES;
				CLANG_ENABLE_OBJC_ARC = YES;
				CLANG_ENABLE_OBJC_WEAK = YES;
				CLANG_WARN_BLOCK_CAPTURE_AUTORELEASING = YES;
				CLANG_WARN_BOOL_CONVERSION = YES;
				CLANG_WARN_COMMA = YES;
				CLANG_WARN_CONSTANT_CONVERSION = YES;
				CLANG_WARN_DEPRECATED_OBJC_IMPLEMENTATIONS = YES;
				CLANG_WARN_DIRECT_OBJC_ISA_USAGE = YES_ERROR;
				CLANG_WARN_DOCUMENTATION_COMMENTS = YES;
				CLANG_WARN_EMPTY_BODY = YES;
				CLANG_WARN_ENUM_CONVERSION = YES;
				CLANG_WARN_INFINITE_RECURSION = YES;
				CLANG_WARN_INT_CONVERSION = YES;
				CLANG_WARN_NON_LITERAL_NULL_CONVERSION = YES;
				CLANG_WARN_OBJC_IMPLICIT_RETAIN_SELF = YES;
				CLANG_WARN_OBJC_LITERAL_CONVERSION = YES;
				CLANG_WARN_OBJC_ROOT_CLASS = YES_ERROR;
				CLANG_WARN_QUOTED_INCLUDE_IN_FRAMEWORK_HEADER = YES;
				CLANG_WARN_RANGE_LOOP_ANALYSIS = YES;
				CLANG_WARN_STRICT_PROTOTYPES = YES;
				CLANG_WARN_SUSPICIOUS_MOVE = YES;
				CLANG_WARN_UNGUARDED_AVAILABILITY = YES_AGGRESSIVE;
				CLANG_WARN_UNREACHABLE_CODE = YES;
				CLANG_WARN__DUPLICATE_METHOD_MATCH = YES;
				COPY_PHASE_STRIP = NO;
				DEBUG_INFORMATION_FORMAT = "dwarf-with-dsym";
				ENABLE_NS_ASSERTIONS = NO;
				ENABLE_STRICT_OBJC_MSGSEND = YES;
				ENABLE_USER_SCRIPT_SANDBOXING = YES;
				GCC_C_LANGUAGE_STANDARD = gnu17;
				GCC_NO_COMMON_BLOCKS = YES;
				GCC_WARN_64_TO_32_BIT_CONVERSION = YES;
				GCC_WARN_ABOUT_RETURN_TYPE = YES_ERROR;
				GCC_WARN_UNDECLARED_SELECTOR = YES;
				GCC_WARN_UNINITIALIZED_AUTOS = YES_AGGRESSIVE;
				GCC_WARN_UNUSED_FUNCTION = YES;
				GCC_WARN_UNUSED_VARIABLE = YES;
				IPHONEOS_DEPLOYMENT_TARGET = 17.2;
				LOCALIZATION_PREFERS_STRING_CATALOGS = YES;
				MTL_ENABLE_DEBUG_INFO = NO;
				MTL_FAST_MATH = YES;
				SDKROOT = iphoneos;
				SWIFT_COMPILATION_MODE = wholemodule;
				VALIDATE_PRODUCT = YES;
			};
			name = Release;
		};
		5150A4072B54FE6C003D15F7 /* Debug */ = {
			isa = XCBuildConfiguration;
			buildSettings = {
				ASSETCATALOG_COMPILER_APPICON_NAME = AppIcon;
				ASSETCATALOG_COMPILER_GLOBAL_ACCENT_COLOR_NAME = AccentColor;
				CODE_SIGN_STYLE = Automatic;
				CURRENT_PROJECT_VERSION = 1;
				DEVELOPMENT_TEAM = ZM9VLR88GR;
				GENERATE_INFOPLIST_FILE = YES;
				INFOPLIST_FILE = easisoft/Info.plist;
				INFOPLIST_KEY_UIApplicationSupportsIndirectInputEvents = YES;
				INFOPLIST_KEY_UILaunchStoryboardName = LaunchScreen;
				INFOPLIST_KEY_UIMainStoryboardFile = Main;
				INFOPLIST_KEY_UISupportedInterfaceOrientations_iPad = "UIInterfaceOrientationPortrait UIInterfaceOrientationPortraitUpsideDown UIInterfaceOrientationLandscapeLeft UIInterfaceOrientationLandscapeRight";
				INFOPLIST_KEY_UISupportedInterfaceOrientations_iPhone = "UIInterfaceOrientationPortrait UIInterfaceOrientationLandscapeLeft UIInterfaceOrientationLandscapeRight";
				LD_RUNPATH_SEARCH_PATHS = (
					"$(inherited)",
					"@executable_path/Frameworks",
				);
				MARKETING_VERSION = 1.0;
				PRODUCT_BUNDLE_IDENTIFIER = ys.easisoft;
				PRODUCT_NAME = "$(TARGET_NAME)";
				SWIFT_EMIT_LOC_STRINGS = YES;
				SWIFT_VERSION = 5.0;
				TARGETED_DEVICE_FAMILY = "1,2";
			};
			name = Debug;
		};
		5150A4082B54FE6C003D15F7 /* Release */ = {
			isa = XCBuildConfiguration;
			buildSettings = {
				ASSETCATALOG_COMPILER_APPICON_NAME = AppIcon;
				ASSETCATALOG_COMPILER_GLOBAL_ACCENT_COLOR_NAME = AccentColor;
				CODE_SIGN_STYLE = Automatic;
				CURRENT_PROJECT_VERSION = 1;
				DEVELOPMENT_TEAM = ZM9VLR88GR;
				GENERATE_INFOPLIST_FILE = YES;
				INFOPLIST_FILE = easisoft/Info.plist;
				INFOPLIST_KEY_UIApplicationSupportsIndirectInputEvents = YES;
				INFOPLIST_KEY_UILaunchStoryboardName = LaunchScreen;
				INFOPLIST_KEY_UIMainStoryboardFile = Main;
				INFOPLIST_KEY_UISupportedInterfaceOrientations_iPad = "UIInterfaceOrientationPortrait UIInterfaceOrientationPortraitUpsideDown UIInterfaceOrientationLandscapeLeft UIInterfaceOrientationLandscapeRight";
				INFOPLIST_KEY_UISupportedInterfaceOrientations_iPhone = "UIInterfaceOrientationPortrait UIInterfaceOrientationLandscapeLeft UIInterfaceOrientationLandscapeRight";
				LD_RUNPATH_SEARCH_PATHS = (
					"$(inherited)",
					"@executable_path/Frameworks",
				);
				MARKETING_VERSION = 1.0;
				PRODUCT_BUNDLE_IDENTIFIER = ys.easisoft;
				PRODUCT_NAME = "$(TARGET_NAME)";
				SWIFT_EMIT_LOC_STRINGS = YES;
				SWIFT_VERSION = 5.0;
				TARGETED_DEVICE_FAMILY = "1,2";
			};
			name = Release;
		};
		5150A40A2B54FE6C003D15F7 /* Debug */ = {
			isa = XCBuildConfiguration;
			buildSettings = {
				ALWAYS_EMBED_SWIFT_STANDARD_LIBRARIES = YES;
				BUNDLE_LOADER = "$(TEST_HOST)";
				CODE_SIGN_STYLE = Automatic;
				CURRENT_PROJECT_VERSION = 1;
				DEVELOPMENT_TEAM = ZM9VLR88GR;
				GENERATE_INFOPLIST_FILE = YES;
				IPHONEOS_DEPLOYMENT_TARGET = 17.2;
				MARKETING_VERSION = 1.0;
				PRODUCT_BUNDLE_IDENTIFIER = ys.easisoftTests;
				PRODUCT_NAME = "$(TARGET_NAME)";
				SWIFT_EMIT_LOC_STRINGS = NO;
				SWIFT_VERSION = 5.0;
				TARGETED_DEVICE_FAMILY = "1,2";
				TEST_HOST = "$(BUILT_PRODUCTS_DIR)/easisoft.app/$(BUNDLE_EXECUTABLE_FOLDER_PATH)/easisoft";
			};
			name = Debug;
		};
		5150A40B2B54FE6C003D15F7 /* Release */ = {
			isa = XCBuildConfiguration;
			buildSettings = {
				ALWAYS_EMBED_SWIFT_STANDARD_LIBRARIES = YES;
				BUNDLE_LOADER = "$(TEST_HOST)";
				CODE_SIGN_STYLE = Automatic;
				CURRENT_PROJECT_VERSION = 1;
				DEVELOPMENT_TEAM = ZM9VLR88GR;
				GENERATE_INFOPLIST_FILE = YES;
				IPHONEOS_DEPLOYMENT_TARGET = 17.2;
				MARKETING_VERSION = 1.0;
				PRODUCT_BUNDLE_IDENTIFIER = ys.easisoftTests;
				PRODUCT_NAME = "$(TARGET_NAME)";
				SWIFT_EMIT_LOC_STRINGS = NO;
				SWIFT_VERSION = 5.0;
				TARGETED_DEVICE_FAMILY = "1,2";
				TEST_HOST = "$(BUILT_PRODUCTS_DIR)/easisoft.app/$(BUNDLE_EXECUTABLE_FOLDER_PATH)/easisoft";
			};
			name = Release;
		};
		5150A40D2B54FE6C003D15F7 /* Debug */ = {
			isa = XCBuildConfiguration;
			buildSettings = {
				ALWAYS_EMBED_SWIFT_STANDARD_LIBRARIES = YES;
				CODE_SIGN_STYLE = Automatic;
				CURRENT_PROJECT_VERSION = 1;
				DEVELOPMENT_TEAM = ZM9VLR88GR;
				GENERATE_INFOPLIST_FILE = YES;
				MARKETING_VERSION = 1.0;
				PRODUCT_BUNDLE_IDENTIFIER = ys.easisoftUITests;
				PRODUCT_NAME = "$(TARGET_NAME)";
				SWIFT_EMIT_LOC_STRINGS = NO;
				SWIFT_VERSION = 5.0;
				TARGETED_DEVICE_FAMILY = "1,2";
				TEST_TARGET_NAME = easisoft;
			};
			name = Debug;
		};
		5150A40E2B54FE6C003D15F7 /* Release */ = {
			isa = XCBuildConfiguration;
			buildSettings = {
				ALWAYS_EMBED_SWIFT_STANDARD_LIBRARIES = YES;
				CODE_SIGN_STYLE = Automatic;
				CURRENT_PROJECT_VERSION = 1;
				DEVELOPMENT_TEAM = ZM9VLR88GR;
				GENERATE_INFOPLIST_FILE = YES;
				MARKETING_VERSION = 1.0;
				PRODUCT_BUNDLE_IDENTIFIER = ys.easisoftUITests;
				PRODUCT_NAME = "$(TARGET_NAME)";
				SWIFT_EMIT_LOC_STRINGS = NO;
				SWIFT_VERSION = 5.0;
				TARGETED_DEVICE_FAMILY = "1,2";
				TEST_TARGET_NAME = easisoft;
			};
			name = Release;
		};
/* End XCBuildConfiguration section */

/* Begin XCConfigurationList section */
		5150A3D72B54FE69003D15F7 /* Build configuration list for PBXProject "easisoft" */ = {
			isa = XCConfigurationList;
			buildConfigurations = (
				5150A4042B54FE6C003D15F7 /* Debug */,
				5150A4052B54FE6C003D15F7 /* Release */,
			);
			defaultConfigurationIsVisible = 0;
			defaultConfigurationName = Release;
		};
		5150A4062B54FE6C003D15F7 /* Build configuration list for PBXNativeTarget "easisoft" */ = {
			isa = XCConfigurationList;
			buildConfigurations = (
				5150A4072B54FE6C003D15F7 /* Debug */,
				5150A4082B54FE6C003D15F7 /* Release */,
			);
			defaultConfigurationIsVisible = 0;
			defaultConfigurationName = Release;
		};
		5150A4092B54FE6C003D15F7 /* Build configuration list for PBXNativeTarget "easisoftTests" */ = {
			isa = XCConfigurationList;
			buildConfigurations = (
				5150A40A2B54FE6C003D15F7 /* Debug */,
				5150A40B2B54FE6C003D15F7 /* Release */,
			);
			defaultConfigurationIsVisible = 0;
			defaultConfigurationName = Release;
		};
		5150A40C2B54FE6C003D15F7 /* Build configuration list for PBXNativeTarget "easisoftUITests" */ = {
			isa = XCConfigurationList;
			buildConfigurations = (
				5150A40D2B54FE6C003D15F7 /* Debug */,
				5150A40E2B54FE6C003D15F7 /* Release */,
			);
			defaultConfigurationIsVisible = 0;
			defaultConfigurationName = Release;
		};
/* End XCConfigurationList section */
	};
	rootObject = 5150A3D42B54FE69003D15F7 /* Project object */;
}
